# This file is automatically @generated by Cargo.
# It is not intended for manual editing.
[[package]]
name = "bitstring"
version = "0.1.1"
source = "registry+https://github.com/rust-lang/crates.io-index"
checksum = "3e54f7b7a46d7b183eb41e2d82965261fa8a1597c68b50aced268ee1fc70272d"

[[package]]
name = "cidr"
version = "0.1.1"
source = "registry+https://github.com/rust-lang/crates.io-index"
checksum = "c6316c62053228eddd526a5e6deb6344c80bf2bc1e9786e7f90b3083e73197c1"
dependencies = [
 "bitstring",
 "serde",
]

[[package]]
name = "libnetrangemerge"
version = "0.1.0"
dependencies = [
 "cidr",
]

[[package]]
name = "netrangemerge"
version = "0.1.0"

[[package]]
name = "serde"
version = "1.0.124"
source = "registry+https://github.com/rust-lang/crates.io-index"
checksum = "bd761ff957cb2a45fbb9ab3da6512de9de55872866160b23c25f1a841e99d29f"
